
Microsoft Visual Studio Solution File, Format Version 12.00
# Visual Studio Version 17
VisualStudioVersion = 17.4.33213.308
MinimumVisualStudioVersion = 10.0.40219.1
Project("{FAE04EC0-301F-11D3-BF4B-00C04F79EFBC}") = "productMaagement", "productMaagement\productMaagement.csproj", "{F5C44FBD-D526-4E85-B485-07DB9BA48B94}"
EndProject
Global
	GlobalSection(SolutionConfigurationPlatforms) = preSolution
		Debug|Any CPU = Debug|Any CPU
		Release|Any CPU = Release|Any CPU
	EndGlobalSection
	GlobalSection(ProjectConfigurationPlatforms) = postSolution
		{F5C44FBD-D526-4E85-B485-07DB9BA48B94}.Debug|Any CPU.ActiveCfg = Debug|Any CPU
		{F5C44FBD-D526-4E85-B485-07DB9BA48B94}.Debug|Any CPU.Build.0 = Debug|Any CPU
		{F5C44FBD-D526-4E85-B485-07DB9BA48B94}.Release|Any CPU.ActiveCfg = Release|Any CPU
		{F5C44FBD-D526-4E85-B485-07DB9BA48B94}.Release|Any CPU.Build.0 = Release|Any CPU
	EndGlobalSection
	GlobalSection(SolutionProperties) = preSolution
		HideSolutionNode = FALSE
	EndGlobalSection
	GlobalSection(ExtensibilityGlobals) = postSolution
		SolutionGuid = {A6A6DA51-9F58-4946-ACF3-D953F53D74F2}
	EndGlobalSection
EndGlobal
